
Microsoft Visual Studio Solution File, Format Version 12.00
# Visual Studio Version 16
VisualStudioVersion = 16.0.30907.101
MinimumVisualStudioVersion = 10.0.40219.1
Project("{FAE04EC0-301F-11D3-BF4B-00C04F79EFBC}") = "NickvisionTagger", "NickvisionTagger\NickvisionTagger.csproj", "{66FF1D32-BEBC-49D2-B992-3545DED576CC}"
EndProject
Global
	GlobalSection(SolutionConfigurationPlatforms) = preSolution
		Debug|Any CPU = Debug|Any CPU
		Release|Any CPU = Release|Any CPU
	EndGlobalSection
	GlobalSection(ProjectConfigurationPlatforms) = postSolution
		{66FF1D32-BEBC-49D2-B992-3545DED576CC}.Debug|Any CPU.ActiveCfg = Debug|Any CPU
		{66FF1D32-BEBC-49D2-B992-3545DED576CC}.Debug|Any CPU.Build.0 = Debug|Any CPU
		{66FF1D32-BEBC-49D2-B992-3545DED576CC}.Release|Any CPU.ActiveCfg = Release|Any CPU
		{66FF1D32-BEBC-49D2-B992-3545DED576CC}.Release|Any CPU.Build.0 = Release|Any CPU
	EndGlobalSection
	GlobalSection(SolutionProperties) = preSolution
		HideSolutionNode = FALSE
	EndGlobalSection
	GlobalSection(ExtensibilityGlobals) = postSolution
		SolutionGuid = {61F51E25-FC5D-4BAB-951F-F665530CB613}
	EndGlobalSection
EndGlobal
